{
  "lockfile_version": "1",
  "packages": {
    "bandwhich@latest": {
      "last_modified": "2025-11-15T07:28:48Z",
      "resolved": "github:NixOS/nixpkgs/1d4c88323ac36805d09657d13a5273aea1b34f0c#bandwhich",
      "source": "devbox-search",
      "version": "0.23.1",
      "systems": {
        "aarch64-darwin": {
          "outputs": [
            {
              "name": "out",
              "path": "/nix/store/4fsyvlwwsr0vd8h2p4a3zrqjzvm0bg4g-bandwhich-0.23.1",
              "default": true
            }
          ],
          "store_path": "/nix/store/4fsyvlwwsr0vd8h2p4a3zrqjzvm0bg4g-bandwhich-0.23.1"
        },
        "aarch64-linux": {
          "outputs": [
            {
              "name": "out",
              "path": "/nix/store/qy3sqf9fcrrwng7lbj14qn3wzpy84v8m-bandwhich-0.23.1",
              "default": true
            }
          ],
          "store_path": "/nix/store/qy3sqf9fcrrwng7lbj14qn3wzpy84v8m-bandwhich-0.23.1"
        },
        "x86_64-darwin": {
          "outputs": [
            {
              "name": "out",
              "path": "/nix/store/kzq6sfscmcxzc5pkdckah8yskpyf56ix-bandwhich-0.23.1",
              "default": true
            }
          ],
          "store_path": "/nix/store/kzq6sfscmcxzc5pkdckah8yskpyf56ix-bandwhich-0.23.1"
        },
        "x86_64-linux": {
          "outputs": [
            {
              "name": "out",
              "path": "/nix/store/6c3rcnbk4b1lznkwyjmp11dlacrpdx02-bandwhich-0.23.1",
              "default": true
            }
          ],
          "store_path": "/nix/store/6c3rcnbk4b1lznkwyjmp11dlacrpdx02-bandwhich-0.23.1"
        }
      }
    },
    "bat@latest": {
      "last_modified": "2025-11-15T07:28:48Z",
      "resolved": "github:NixOS/nixpkgs/1d4c88323ac36805d09657d13a5273aea1b34f0c#bat",
      "source": "devbox-search",
      "version": "0.26.0",
      "systems": {
        "aarch64-darwin": {
          "outputs": [
            {
              "name": "out",
              "path": "/nix/store/bvair8i8ih4pcww6iw5146wppf46mgrb-bat-0.26.0",
              "default": true
            }
          ],
          "store_path": "/nix/store/bvair8i8ih4pcww6iw5146wppf46mgrb-bat-0.26.0"
        },
        "aarch64-linux": {
          "outputs": [
            {
              "name": "out",
              "path": "/nix/store/dgvryqpl27yxgcwxx6irvf4ra91492ia-bat-0.26.0",
              "default": true
            }
          ],
          "store_path": "/nix/store/dgvryqpl27yxgcwxx6irvf4ra91492ia-bat-0.26.0"
        },
        "x86_64-darwin": {
          "outputs": [
            {
              "name": "out",
              "path": "/nix/store/iwy9yq1rcb0k3qa7q8zinlv8yi2yb20g-bat-0.26.0",
              "default": true
            }
          ],
          "store_path": "/nix/store/iwy9yq1rcb0k3qa7q8zinlv8yi2yb20g-bat-0.26.0"
        },
        "x86_64-linux": {
          "outputs": [
            {
              "name": "out",
              "path": "/nix/store/ryaxw8pzh3mg7r4mg46zfj8qg2hapbz0-bat-0.26.0",
              "default": true
            }
          ],
          "store_path": "/nix/store/ryaxw8pzh3mg7r4mg46zfj8qg2hapbz0-bat-0.26.0"
        }
      }
    },
    "btop@latest": {
      "last_modified": "2025-11-15T07:28:48Z",
      "resolved": "github:NixOS/nixpkgs/1d4c88323ac36805d09657d13a5273aea1b34f0c#btop",
      "source": "devbox-search",
      "version": "1.4.5",
      "systems": {
        "aarch64-darwin": {
          "outputs": [
            {
              "name": "out",
              "path": "/nix/store/p6nx6q0mfs85nnxs9h4gviwhkzgknzv4-btop-1.4.5",
              "default": true
            }
          ],
          "store_path": "/nix/store/p6nx6q0mfs85nnxs9h4gviwhkzgknzv4-btop-1.4.5"
        },
        "aarch64-linux": {
          "outputs": [
            {
              "name": "out",
              "path": "/nix/store/1pa6y346f5pamcj0sryxyvzw4av560sj-btop-1.4.5",
              "default": true
            }
          ],
          "store_path": "/nix/store/1pa6y346f5pamcj0sryxyvzw4av560sj-btop-1.4.5"
        },
        "x86_64-darwin": {
          "outputs": [
            {
              "name": "out",
              "path": "/nix/store/lryxpp9dbjvl0jliji7lqgbxnnij97g3-btop-1.4.5",
              "default": true
            }
          ],
          "store_path": "/nix/store/lryxpp9dbjvl0jliji7lqgbxnnij97g3-btop-1.4.5"
        },
        "x86_64-linux": {
          "outputs": [
            {
              "name": "out",
              "path": "/nix/store/3ndzkd0vwzmajii259mx4cg1qz4rqmih-btop-1.4.5",
              "default": true
            }
          ],
          "store_path": "/nix/store/3ndzkd0vwzmajii259mx4cg1qz4rqmih-btop-1.4.5"
        }
      }
    },
    "colima@latest": {
      "last_modified": "2025-11-15T07:28:48Z",
      "resolved": "github:NixOS/nixpkgs/1d4c88323ac36805d09657d13a5273aea1b34f0c#colima",
      "source": "devbox-search",
      "version": "0.9.1",
      "systems": {
        "aarch64-darwin": {
          "outputs": [
            {
              "name": "out",
              "path": "/nix/store/sq5r0brpd0m8mswrz362ypys4pplzv6c-colima-0.9.1",
              "default": true
            }
          ],
          "store_path": "/nix/store/sq5r0brpd0m8mswrz362ypys4pplzv6c-colima-0.9.1"
        },
        "aarch64-linux": {
          "outputs": [
            {
              "name": "out",
              "path": "/nix/store/cdbvj7q5h5gy7zj0k5z63shykx2ww8zf-colima-0.9.1",
              "default": true
            }
          ],
          "store_path": "/nix/store/cdbvj7q5h5gy7zj0k5z63shykx2ww8zf-colima-0.9.1"
        },
        "x86_64-darwin": {
          "outputs": [
            {
              "name": "out",
              "path": "/nix/store/9vm6y4arcm26imyg0zqsdnyw0i8yg6gj-colima-0.9.1",
              "default": true
            }
          ],
          "store_path": "/nix/store/9vm6y4arcm26imyg0zqsdnyw0i8yg6gj-colima-0.9.1"
        },
        "x86_64-linux": {
          "outputs": [
            {
              "name": "out",
              "path": "/nix/store/mh587sq10ifvq68flqw8wfgq6xdh73dj-colima-0.9.1",
              "default": true
            }
          ],
          "store_path": "/nix/store/mh587sq10ifvq68flqw8wfgq6xdh73dj-colima-0.9.1"
        }
      }
    },
    "delta@latest": {
      "last_modified": "2025-11-15T07:28:48Z",
      "resolved": "github:NixOS/nixpkgs/1d4c88323ac36805d09657d13a5273aea1b34f0c#delta",
      "source": "devbox-search",
      "version": "0.18.2",
      "systems": {
        "aarch64-darwin": {
          "outputs": [
            {
              "name": "out",
              "path": "/nix/store/nn4wg1xpflc8a4knq3hgk3ffpdlyn1h8-delta-0.18.2",
              "default": true
            }
          ],
          "store_path": "/nix/store/nn4wg1xpflc8a4knq3hgk3ffpdlyn1h8-delta-0.18.2"
        },
        "aarch64-linux": {
          "outputs": [
            {
              "name": "out",
              "path": "/nix/store/wxxxgnn16rgsd521dgy2mkj8a9kgjwcy-delta-0.18.2",
              "default": true
            }
          ],
          "store_path": "/nix/store/wxxxgnn16rgsd521dgy2mkj8a9kgjwcy-delta-0.18.2"
        },
        "x86_64-darwin": {
          "outputs": [
            {
              "name": "out",
              "path": "/nix/store/ybg9pgcw6kmihpazyj1f6swfyam72gm5-delta-0.18.2",
              "default": true
            }
          ],
          "store_path": "/nix/store/ybg9pgcw6kmihpazyj1f6swfyam72gm5-delta-0.18.2"
        },
        "x86_64-linux": {
          "outputs": [
            {
              "name": "out",
              "path": "/nix/store/aq1x56ai959i2jqm315c83nzcw0p659w-delta-0.18.2",
              "default": true
            }
          ],
          "store_path": "/nix/store/aq1x56ai959i2jqm315c83nzcw0p659w-delta-0.18.2"
        }
      }
    },
    "docker@latest": {
      "last_modified": "2025-11-15T07:28:48Z",
      "resolved": "github:NixOS/nixpkgs/1d4c88323ac36805d09657d13a5273aea1b34f0c#docker",
      "source": "devbox-search",
      "version": "28.5.1",
      "systems": {
        "aarch64-darwin": {
          "outputs": [
            {
              "name": "out",
              "path": "/nix/store/zak9as98w3jip87vmjfljrs9z3xcl6xs-docker-28.5.1",
              "default": true
            }
          ],
          "store_path": "/nix/store/zak9as98w3jip87vmjfljrs9z3xcl6xs-docker-28.5.1"
        },
        "aarch64-linux": {
          "outputs": [
            {
              "name": "out",
              "path": "/nix/store/2zh7f1vpczjrj72fh134xi60yddm2xb0-docker-28.5.1",
              "default": true
            }
          ],
          "store_path": "/nix/store/2zh7f1vpczjrj72fh134xi60yddm2xb0-docker-28.5.1"
        },
        "x86_64-darwin": {
          "outputs": [
            {
              "name": "out",
              "path": "/nix/store/iq5ra8j65svh28vs45fg2c4kvdfs1a2d-docker-28.5.1",
              "default": true
            }
          ],
          "store_path": "/nix/store/iq5ra8j65svh28vs45fg2c4kvdfs1a2d-docker-28.5.1"
        },
        "x86_64-linux": {
          "outputs": [
            {
              "name": "out",
              "path": "/nix/store/jalvmvnj5c2fc76gi4a8vvzvspw0kv2s-docker-28.5.1",
              "default": true
            }
          ],
          "store_path": "/nix/store/jalvmvnj5c2fc76gi4a8vvzvspw0kv2s-docker-28.5.1"
        }
      }
    },
    "exa@latest": {
      "last_modified": "2023-09-06T20:35:33Z",
      "resolved": "github:NixOS/nixpkgs/efd23a1c9ae8c574e2ca923c2b2dc336797f4cc4#exa",
      "source": "devbox-search",
      "version": "2023-03-01",
      "systems": {
        "aarch64-darwin": {
          "outputs": [
            {
              "name": "out",
              "path": "/nix/store/b8gn0ypb3wd82673iahqk099ifriflyq-exa-unstable-2023-03-01",
              "default": true
            },
            {
              "name": "man",
              "path": "/nix/store/6zrm41sxcdv8dz8hbfv7pzn0mkyhs719-exa-unstable-2023-03-01-man",
              "default": true
            }
          ],
          "store_path": "/nix/store/b8gn0ypb3wd82673iahqk099ifriflyq-exa-unstable-2023-03-01"
        },
        "aarch64-linux": {
          "outputs": [
            {
              "name": "out",
              "path": "/nix/store/baaa6q31c6y8nc88h0grvj6357lq01gj-exa-unstable-2023-03-01",
              "default": true
            },
            {
              "name": "man",
              "path": "/nix/store/ppm5fkisj17cjlfcbffxkvxkmk2ziw7k-exa-unstable-2023-03-01-man",
              "default": true
            }
          ],
          "store_path": "/nix/store/baaa6q31c6y8nc88h0grvj6357lq01gj-exa-unstable-2023-03-01"
        },
        "x86_64-darwin": {
          "outputs": [
            {
              "name": "out",
              "path": "/nix/store/sdqspvbzvs1d1kvfkwj4yngwywdc1s8r-exa-unstable-2023-03-01",
              "default": true
            },
            {
              "name": "man",
              "path": "/nix/store/vnrzjf30j81jxj3hifni82q9wshyv08b-exa-unstable-2023-03-01-man",
              "default": true
            }
          ],
          "store_path": "/nix/store/sdqspvbzvs1d1kvfkwj4yngwywdc1s8r-exa-unstable-2023-03-01"
        },
        "x86_64-linux": {
          "outputs": [
            {
              "name": "out",
              "path": "/nix/store/9rcc6z61paivss0g7d96izw7zqmg21gx-exa-unstable-2023-03-01",
              "default": true
            },
            {
              "name": "man",
              "path": "/nix/store/irlqy66p5rw7vhfj82frv9szi97kji3k-exa-unstable-2023-03-01-man",
              "default": true
            }
          ],
          "store_path": "/nix/store/9rcc6z61paivss0g7d96izw7zqmg21gx-exa-unstable-2023-03-01"
        }
      }
    },
    "fish@latest": {
      "last_modified": "2025-11-18T03:14:24Z",
      "resolved": "github:NixOS/nixpkgs/0ade817efdde79cbc46b624c849027335ebc25c5#fish",
      "source": "devbox-search",
      "version": "4.2.1",
      "systems": {
        "aarch64-darwin": {
          "outputs": [
            {
              "name": "out",
              "path": "/nix/store/znkrqlnc1mxjlr7aj32wmviqrxjk4y93-fish-4.2.1",
              "default": true
            },
            {
              "name": "doc",
              "path": "/nix/store/k2s4pd9jkshgllsan95yqkcv43219jy5-fish-4.2.1-doc"
            }
          ],
          "store_path": "/nix/store/znkrqlnc1mxjlr7aj32wmviqrxjk4y93-fish-4.2.1"
        },
        "aarch64-linux": {
          "outputs": [
            {
              "name": "out",
              "path": "/nix/store/wl0bcsn7cwn5m8ymarqp3byx79r97yih-fish-4.2.1",
              "default": true
            },
            {
              "name": "doc",
              "path": "/nix/store/6nf30p1s7l6rpacdbhfv2bpxk49snzxk-fish-4.2.1-doc"
            }
          ],
          "store_path": "/nix/store/wl0bcsn7cwn5m8ymarqp3byx79r97yih-fish-4.2.1"
        },
        "x86_64-darwin": {
          "outputs": [
            {
              "name": "out",
              "path": "/nix/store/lqydi5f3jp8nvkyif5w7a8cyk2ry7rqr-fish-4.2.1",
              "default": true
            },
            {
              "name": "doc",
              "path": "/nix/store/7ilcni5bw0vd92iqvjq6kkm8cxmx8b5w-fish-4.2.1-doc"
            }
          ],
          "store_path": "/nix/store/lqydi5f3jp8nvkyif5w7a8cyk2ry7rqr-fish-4.2.1"
        },
        "x86_64-linux": {
          "outputs": [
            {
              "name": "out",
              "path": "/nix/store/hfza347aab9frmsm12md8kimfb02cqgf-fish-4.2.1",
              "default": true
            },
            {
              "name": "doc",
              "path": "/nix/store/x70pbii5jfjcji927nyvgfi3hpqhi8sh-fish-4.2.1-doc"
            }
          ],
          "store_path": "/nix/store/hfza347aab9frmsm12md8kimfb02cqgf-fish-4.2.1"
        }
      }
    },
    "fzf@latest": {
      "last_modified": "2025-11-17T10:23:24Z",
      "resolved": "github:NixOS/nixpkgs/8b6600824693a9c706ef09bd86711ca393703466#fzf",
      "source": "devbox-search",
      "version": "0.67.0",
      "systems": {
        "aarch64-darwin": {
          "outputs": [
            {
              "name": "out",
              "path": "/nix/store/18v67yg3bnz59rpaxg4h3cbkixjajz13-fzf-0.67.0",
              "default": true
            },
            {
              "name": "man",
              "path": "/nix/store/8dzs7514mnkf1k957hayvisdw74h1r3s-fzf-0.67.0-man",
              "default": true
            }
          ],
          "store_path": "/nix/store/18v67yg3bnz59rpaxg4h3cbkixjajz13-fzf-0.67.0"
        },
        "aarch64-linux": {
          "outputs": [
            {
              "name": "out",
              "path": "/nix/store/w7afyxhxz03ns4aly41ypn3safkk7259-fzf-0.67.0",
              "default": true
            },
            {
              "name": "man",
              "path": "/nix/store/lraxngnn4smgynmgrzyyfb4868dakggl-fzf-0.67.0-man",
              "default": true
            }
          ],
          "store_path": "/nix/store/w7afyxhxz03ns4aly41ypn3safkk7259-fzf-0.67.0"
        },
        "x86_64-darwin": {
          "outputs": [
            {
              "name": "out",
              "path": "/nix/store/lrhg1gcnfi5m1hjp24qkrbby6bqr8g5y-fzf-0.67.0",
              "default": true
            },
            {
              "name": "man",
              "path": "/nix/store/ijvk4rvbsgj54zgd1d0v7q9zcffrjgi4-fzf-0.67.0-man",
              "default": true
            }
          ],
          "store_path": "/nix/store/lrhg1gcnfi5m1hjp24qkrbby6bqr8g5y-fzf-0.67.0"
        },
        "x86_64-linux": {
          "outputs": [
            {
              "name": "out",
              "path": "/nix/store/hxj78y0zg55k6c25vmxn3a09w9q2x67z-fzf-0.67.0",
              "default": true
            },
            {
              "name": "man",
              "path": "/nix/store/awdm6v7p73vliv6m3v5i1q6xclwikc1c-fzf-0.67.0-man",
              "default": true
            }
          ],
          "store_path": "/nix/store/hxj78y0zg55k6c25vmxn3a09w9q2x67z-fzf-0.67.0"
        }
      }
    },
    "git@latest": {
      "last_modified": "2025-11-15T07:28:48Z",
      "resolved": "github:NixOS/nixpkgs/1d4c88323ac36805d09657d13a5273aea1b34f0c#git",
      "source": "devbox-search",
      "version": "2.51.2",
      "systems": {
        "aarch64-darwin": {
          "outputs": [
            {
              "name": "out",
              "path": "/nix/store/k2vlwnvjcmnig77p65zipibvvim8rxq7-git-2.51.2",
              "default": true
            },
            {
              "name": "doc",
              "path": "/nix/store/6x44hx2f6g1y1viiaian2bvypb8djq39-git-2.51.2-doc"
            }
          ],
          "store_path": "/nix/store/k2vlwnvjcmnig77p65zipibvvim8rxq7-git-2.51.2"
        },
        "aarch64-linux": {
          "outputs": [
            {
              "name": "out",
              "path": "/nix/store/55j9qicj9fghz8yk3xsn2y9ab5mj4jdr-git-2.51.2",
              "default": true
            },
            {
              "name": "debug",
              "path": "/nix/store/vspa1pprrnj7xz3bhqayzih5mi7vhvvh-git-2.51.2-debug"
            },
            {
              "name": "doc",
              "path": "/nix/store/6zdv508cvrgfsnvvv5003ivsfcqngfvs-git-2.51.2-doc"
            }
          ],
          "store_path": "/nix/store/55j9qicj9fghz8yk3xsn2y9ab5mj4jdr-git-2.51.2"
        },
        "x86_64-darwin": {
          "outputs": [
            {
              "name": "out",
              "path": "/nix/store/sz4zzn7y6gal019wmqzxvcxc97wkgp9n-git-2.51.2",
              "default": true
            },
            {
              "name": "doc",
              "path": "/nix/store/np4lannd0w8jpagqw7mry4gklr903s2n-git-2.51.2-doc"
            }
          ],
          "store_path": "/nix/store/sz4zzn7y6gal019wmqzxvcxc97wkgp9n-git-2.51.2"
        },
        "x86_64-linux": {
          "outputs": [
            {
              "name": "out",
              "path": "/nix/store/q6jjgnyivwx7r4wynsi6g36k6srfy7mk-git-2.51.2",
              "default": true
            },
            {
              "name": "debug",
              "path": "/nix/store/f6zjr2bcd31qpvj4d4qsvqhfnnyc1kaz-git-2.51.2-debug"
            },
            {
              "name": "doc",
              "path": "/nix/store/9bir646idszbrn3j3wz98xq4m0kvzgrp-git-2.51.2-doc"
            }
          ],
          "store_path": "/nix/store/q6jjgnyivwx7r4wynsi6g36k6srfy7mk-git-2.51.2"
        }
      }
    },
    "github:NixOS/nixpkgs/nixpkgs-unstable": {
      "last_modified": "2025-11-20T06:07:48Z",
      "resolved": "github:NixOS/nixpkgs/a8d610af3f1a5fb71e23e08434d8d61a466fc942?lastModified=1763618868"
    },
    "grex@latest": {
      "last_modified": "2025-11-15T07:28:48Z",
      "resolved": "github:NixOS/nixpkgs/1d4c88323ac36805d09657d13a5273aea1b34f0c#grex",
      "source": "devbox-search",
      "version": "1.4.6",
      "systems": {
        "aarch64-darwin": {
          "outputs": [
            {
              "name": "out",
              "path": "/nix/store/zy7lk99zqvwcb2fypdxyhcwv9k6q2lvv-grex-1.4.6",
              "default": true
            }
          ],
          "store_path": "/nix/store/zy7lk99zqvwcb2fypdxyhcwv9k6q2lvv-grex-1.4.6"
        },
        "aarch64-linux": {
          "outputs": [
            {
              "name": "out",
              "path": "/nix/store/3ax0z803hph7fs0jfmrjlydbr5vlhr2j-grex-1.4.6",
              "default": true
            }
          ],
          "store_path": "/nix/store/3ax0z803hph7fs0jfmrjlydbr5vlhr2j-grex-1.4.6"
        },
        "x86_64-darwin": {
          "outputs": [
            {
              "name": "out",
              "path": "/nix/store/0y5p8jvkcwb43xmcghzbk7r00zyy5j9r-grex-1.4.6",
              "default": true
            }
          ],
          "store_path": "/nix/store/0y5p8jvkcwb43xmcghzbk7r00zyy5j9r-grex-1.4.6"
        },
        "x86_64-linux": {
          "outputs": [
            {
              "name": "out",
              "path": "/nix/store/m5na2xnc80g8vgwwvvhjh23rfspwgkwj-grex-1.4.6",
              "default": true
            }
          ],
          "store_path": "/nix/store/m5na2xnc80g8vgwwvvhjh23rfspwgkwj-grex-1.4.6"
        }
      }
    },
    "httpie@latest": {
      "last_modified": "2025-11-15T07:28:48Z",
      "resolved": "github:NixOS/nixpkgs/1d4c88323ac36805d09657d13a5273aea1b34f0c#httpie",
      "source": "devbox-search",
      "version": "3.2.4",
      "systems": {
        "aarch64-darwin": {
          "outputs": [
            {
              "name": "out",
              "path": "/nix/store/1v3saydckc3b1sjw786kmq7airvblz4k-python3.13-httpie-3.2.4",
              "default": true
            },
            {
              "name": "dist",
              "path": "/nix/store/p85fhbl2gjfbc5jc9yw9aflkzdm29qkb-python3.13-httpie-3.2.4-dist"
            }
          ],
          "store_path": "/nix/store/1v3saydckc3b1sjw786kmq7airvblz4k-python3.13-httpie-3.2.4"
        },
        "aarch64-linux": {
          "outputs": [
            {
              "name": "out",
              "path": "/nix/store/g1jffs67mc5xcdnkxarfrbg7pwjsjia8-python3.13-httpie-3.2.4",
              "default": true
            },
            {
              "name": "dist",
              "path": "/nix/store/r2ffdg58m3qrp5m646rm93pp2pzqja0r-python3.13-httpie-3.2.4-dist"
            }
          ],
          "store_path": "/nix/store/g1jffs67mc5xcdnkxarfrbg7pwjsjia8-python3.13-httpie-3.2.4"
        },
        "x86_64-darwin": {
          "outputs": [
            {
              "name": "out",
              "path": "/nix/store/p99vn6h4ng9k232233ibzpfzhrx0w02a-python3.13-httpie-3.2.4",
              "default": true
            },
            {
              "name": "dist",
              "path": "/nix/store/jadliny0zcxh7qid1d93v073kbzx6fb2-python3.13-httpie-3.2.4-dist"
            }
          ],
          "store_path": "/nix/store/p99vn6h4ng9k232233ibzpfzhrx0w02a-python3.13-httpie-3.2.4"
        },
        "x86_64-linux": {
          "outputs": [
            {
              "name": "out",
              "path": "/nix/store/s0zv920bxpy2xzj7ij8lhm73ikyyiw3i-python3.13-httpie-3.2.4",
              "default": true
            },
            {
              "name": "dist",
              "path": "/nix/store/gk5xd2s9ivy3f6zc9wdvslsqga814knq-python3.13-httpie-3.2.4-dist"
            }
          ],
          "store_path": "/nix/store/s0zv920bxpy2xzj7ij8lhm73ikyyiw3i-python3.13-httpie-3.2.4"
        }
      }
    },
    "lima@latest": {
      "last_modified": "2025-11-15T07:28:48Z",
      "resolved": "github:NixOS/nixpkgs/1d4c88323ac36805d09657d13a5273aea1b34f0c#lima",
      "source": "devbox-search",
      "version": "1.2.2",
      "systems": {
        "aarch64-darwin": {
          "outputs": [
            {
              "name": "out",
              "path": "/nix/store/dnjhkphiba2qzy9l3f9390sm1gcn4d73-lima-1.2.2",
              "default": true
            }
          ],
          "store_path": "/nix/store/dnjhkphiba2qzy9l3f9390sm1gcn4d73-lima-1.2.2"
        },
        "aarch64-linux": {
          "outputs": [
            {
              "name": "out",
              "path": "/nix/store/hb059hgfzvyqqvrsnvz4lbsdz853gwwc-lima-1.2.2",
              "default": true
            }
          ],
          "store_path": "/nix/store/hb059hgfzvyqqvrsnvz4lbsdz853gwwc-lima-1.2.2"
        },
        "x86_64-darwin": {
          "outputs": [
            {
              "name": "out",
              "path": "/nix/store/s57as7sxhxvx4wc5j1kxg4rj888nrkm7-lima-1.2.2",
              "default": true
            }
          ],
          "store_path": "/nix/store/s57as7sxhxvx4wc5j1kxg4rj888nrkm7-lima-1.2.2"
        },
        "x86_64-linux": {
          "outputs": [
            {
              "name": "out",
              "path": "/nix/store/az27i0k4xdfvhm5zyms99432knjiizcc-lima-1.2.2",
              "default": true
            }
          ],
          "store_path": "/nix/store/az27i0k4xdfvhm5zyms99432knjiizcc-lima-1.2.2"
        }
      }
    },
    "navi@latest": {
      "last_modified": "2025-11-17T10:23:24Z",
      "resolved": "github:NixOS/nixpkgs/8b6600824693a9c706ef09bd86711ca393703466#navi",
      "source": "devbox-search",
      "version": "2.24.0",
      "systems": {
        "aarch64-darwin": {
          "outputs": [
            {
              "name": "out",
              "path": "/nix/store/azsazhvqy4hzb8z2mbs7m2srnda58wqa-navi-2.24.0",
              "default": true
            }
          ],
          "store_path": "/nix/store/azsazhvqy4hzb8z2mbs7m2srnda58wqa-navi-2.24.0"
        },
        "aarch64-linux": {
          "outputs": [
            {
              "name": "out",
              "path": "/nix/store/g2dsd3b7042wx0wm9iw0qwk8h64mmbcd-navi-2.24.0",
              "default": true
            }
          ],
          "store_path": "/nix/store/g2dsd3b7042wx0wm9iw0qwk8h64mmbcd-navi-2.24.0"
        },
        "x86_64-darwin": {
          "outputs": [
            {
              "name": "out",
              "path": "/nix/store/alapmyc49kwvp53qhmglii02ykll15v1-navi-2.24.0",
              "default": true
            }
          ],
          "store_path": "/nix/store/alapmyc49kwvp53qhmglii02ykll15v1-navi-2.24.0"
        },
        "x86_64-linux": {
          "outputs": [
            {
              "name": "out",
              "path": "/nix/store/z45sg82w9mmzj03isbpnm3kd69ffr8gf-navi-2.24.0",
              "default": true
            }
          ],
          "store_path": "/nix/store/z45sg82w9mmzj03isbpnm3kd69ffr8gf-navi-2.24.0"
        }
      }
    },
    "neovim@latest": {
      "last_modified": "2025-11-15T07:28:48Z",
      "resolved": "github:NixOS/nixpkgs/1d4c88323ac36805d09657d13a5273aea1b34f0c#neovim",
      "source": "devbox-search",
      "version": "0.11.5",
      "systems": {
        "aarch64-darwin": {
          "outputs": [
            {
              "name": "out",
              "path": "/nix/store/pbb9h80pkn64frm3qbmckv6wl7vqj2n4-neovim-0.11.5",
              "default": true
            }
          ],
          "store_path": "/nix/store/pbb9h80pkn64frm3qbmckv6wl7vqj2n4-neovim-0.11.5"
        },
        "aarch64-linux": {
          "outputs": [
            {
              "name": "out",
              "path": "/nix/store/iw46jafdn05g678niysli2k7x70dpd90-neovim-0.11.5",
              "default": true
            }
          ],
          "store_path": "/nix/store/iw46jafdn05g678niysli2k7x70dpd90-neovim-0.11.5"
        },
        "x86_64-darwin": {
          "outputs": [
            {
              "name": "out",
              "path": "/nix/store/fq7byaqln1gb6c39g5qqghfzchlgx7m4-neovim-0.11.5",
              "default": true
            }
          ],
          "store_path": "/nix/store/fq7byaqln1gb6c39g5qqghfzchlgx7m4-neovim-0.11.5"
        },
        "x86_64-linux": {
          "outputs": [
            {
              "name": "out",
              "path": "/nix/store/s307r5v1rig4j8giwnyniqnb205xrmpq-neovim-0.11.5",
              "default": true
            }
          ],
          "store_path": "/nix/store/s307r5v1rig4j8giwnyniqnb205xrmpq-neovim-0.11.5"
        }
      }
    },
    "starship@latest": {
      "last_modified": "2025-11-17T10:23:24Z",
      "resolved": "github:NixOS/nixpkgs/8b6600824693a9c706ef09bd86711ca393703466#starship",
      "source": "devbox-search",
      "version": "1.24.1",
      "systems": {
        "aarch64-darwin": {
          "outputs": [
            {
              "name": "out",
              "path": "/nix/store/xa15wq5akrdiadrnf313bq708qmlv735-starship-1.24.1",
              "default": true
            }
          ],
          "store_path": "/nix/store/xa15wq5akrdiadrnf313bq708qmlv735-starship-1.24.1"
        },
        "aarch64-linux": {
          "outputs": [
            {
              "name": "out",
              "path": "/nix/store/7pwbw9i1s7056c0acickpdims6kx45jz-starship-1.24.1",
              "default": true
            }
          ],
          "store_path": "/nix/store/7pwbw9i1s7056c0acickpdims6kx45jz-starship-1.24.1"
        },
        "x86_64-darwin": {
          "outputs": [
            {
              "name": "out",
              "path": "/nix/store/f3s605ynrzln85laz8haf66zly6rm4ap-starship-1.24.1",
              "default": true
            }
          ],
          "store_path": "/nix/store/f3s605ynrzln85laz8haf66zly6rm4ap-starship-1.24.1"
        },
        "x86_64-linux": {
          "outputs": [
            {
              "name": "out",
              "path": "/nix/store/i8836mw8kyv2q3m1dfa5bzvliap2hmk3-starship-1.24.1",
              "default": true
            }
          ],
          "store_path": "/nix/store/i8836mw8kyv2q3m1dfa5bzvliap2hmk3-starship-1.24.1"
        }
      }
    },
    "tealdeer@latest": {
      "last_modified": "2025-11-15T07:28:48Z",
      "resolved": "github:NixOS/nixpkgs/1d4c88323ac36805d09657d13a5273aea1b34f0c#tealdeer",
      "source": "devbox-search",
      "version": "1.8.1",
      "systems": {
        "aarch64-darwin": {
          "outputs": [
            {
              "name": "out",
              "path": "/nix/store/mzvwbmndz8m28krkm9maijr6gvfcjngg-tealdeer-1.8.1",
              "default": true
            }
          ],
          "store_path": "/nix/store/mzvwbmndz8m28krkm9maijr6gvfcjngg-tealdeer-1.8.1"
        },
        "aarch64-linux": {
          "outputs": [
            {
              "name": "out",
              "path": "/nix/store/1mr101sdpqa9bzm8amwqg8asww9rwvd0-tealdeer-1.8.1",
              "default": true
            }
          ],
          "store_path": "/nix/store/1mr101sdpqa9bzm8amwqg8asww9rwvd0-tealdeer-1.8.1"
        },
        "x86_64-darwin": {
          "outputs": [
            {
              "name": "out",
              "path": "/nix/store/9li8fiv00lgajzd7rxy2ily4ab4sj1ym-tealdeer-1.8.1",
              "default": true
            }
          ],
          "store_path": "/nix/store/9li8fiv00lgajzd7rxy2ily4ab4sj1ym-tealdeer-1.8.1"
        },
        "x86_64-linux": {
          "outputs": [
            {
              "name": "out",
              "path": "/nix/store/djijaj38q4c6cp494azfvpq76cz1wwwr-tealdeer-1.8.1",
              "default": true
            }
          ],
          "store_path": "/nix/store/djijaj38q4c6cp494azfvpq76cz1wwwr-tealdeer-1.8.1"
        }
      }
    },
    "wireguard@latest": {
      "last_modified": "2022-02-15T04:21:50Z",
      "resolved": "github:NixOS/nixpkgs/3a641defd170a4ef25ce8c7c64cb13f91f867fca#wireguard",
      "source": "devbox-search",
      "version": "1.0.20210914"
    },
    "zellij@latest": {
      "last_modified": "2025-11-15T07:28:48Z",
      "resolved": "github:NixOS/nixpkgs/1d4c88323ac36805d09657d13a5273aea1b34f0c#zellij",
      "source": "devbox-search",
      "version": "0.43.1",
      "systems": {
        "aarch64-darwin": {
          "outputs": [
            {
              "name": "out",
              "path": "/nix/store/gwzd1qahwmqzalx616as78jl0vkgg30n-zellij-0.43.1",
              "default": true
            }
          ],
          "store_path": "/nix/store/gwzd1qahwmqzalx616as78jl0vkgg30n-zellij-0.43.1"
        },
        "aarch64-linux": {
          "outputs": [
            {
              "name": "out",
              "path": "/nix/store/dkgizfzg5n4qxiyirpr7cwmzfs5np1p0-zellij-0.43.1",
              "default": true
            }
          ],
          "store_path": "/nix/store/dkgizfzg5n4qxiyirpr7cwmzfs5np1p0-zellij-0.43.1"
        },
        "x86_64-darwin": {
          "outputs": [
            {
              "name": "out",
              "path": "/nix/store/734mjhcswhpyscxm26xcm212ig5wsvdw-zellij-0.43.1",
              "default": true
            }
          ],
          "store_path": "/nix/store/734mjhcswhpyscxm26xcm212ig5wsvdw-zellij-0.43.1"
        },
        "x86_64-linux": {
          "outputs": [
            {
              "name": "out",
              "path": "/nix/store/vv16rai6qp2kxpml5fzfv1p4y84jq04c-zellij-0.43.1",
              "default": true
            }
          ],
          "store_path": "/nix/store/vv16rai6qp2kxpml5fzfv1p4y84jq04c-zellij-0.43.1"
        }
      }
    }
  }
}
